
Microsoft Visual Studio Solution File, Format Version 12.00
# Visual Studio Version 16
VisualStudioVersion = 16.0.33927.289
MinimumVisualStudioVersion = 10.0.40219.1
Project("{FAE04EC0-301F-11D3-BF4B-00C04F79EFBC}") = "ezBMP", "ezBMP\ezBMP.csproj", "{D2631DEF-77D0-448E-BE05-F8E3D1231E50}"
EndProject
Project("{2150E333-8FDC-42A3-9474-1A3956D46DE8}") = "Solution Items", "Solution Items", "{A2E087C1-A48D-49A4-99D8-9B14BEA520A7}"
	ProjectSection(SolutionItems) = preProject
		README.md = README.md
	EndProjectSection
EndProject
Global
	GlobalSection(SolutionConfigurationPlatforms) = preSolution
		Debug|Any CPU = Debug|Any CPU
		Release|Any CPU = Release|Any CPU
	EndGlobalSection
	GlobalSection(ProjectConfigurationPlatforms) = postSolution
		{D2631DEF-77D0-448E-BE05-F8E3D1231E50}.Debug|Any CPU.ActiveCfg = Debug|x86
		{D2631DEF-77D0-448E-BE05-F8E3D1231E50}.Debug|Any CPU.Build.0 = Debug|x86
		{D2631DEF-77D0-448E-BE05-F8E3D1231E50}.Release|Any CPU.ActiveCfg = Release|x86
		{D2631DEF-77D0-448E-BE05-F8E3D1231E50}.Release|Any CPU.Build.0 = Release|x86
	EndGlobalSection
	GlobalSection(SolutionProperties) = preSolution
		HideSolutionNode = FALSE
	EndGlobalSection
	GlobalSection(ExtensibilityGlobals) = postSolution
		SolutionGuid = {6A55F3A7-04A4-4CB2-9E4E-1A0585E27C89}
	EndGlobalSection
EndGlobal
